
Microsoft Visual Studio Solution File, Format Version 12.00
# Visual Studio 2015
Project("{FAE04EC0-301F-11D3-BF4B-00C04F79EFBC}") = "ARTDefense.CSharp", "ARTDefense.CSharp.csproj", "{60A352F7-9C7B-4D6A-F072-D85EFACC2DDA}"
EndProject
Project("{FAE04EC0-301F-11D3-BF4B-00C04F79EFBC}") = "ARTDefense.CSharp.Editor", "ARTDefense.CSharp.Editor.csproj", "{887E1A06-56DF-E933-0738-1DCD1672A37B}"
EndProject
Global
	GlobalSection(SolutionConfigurationPlatforms) = preSolution
		Debug|Any CPU = Debug|Any CPU
		Release|Any CPU = Release|Any CPU
	EndGlobalSection
	GlobalSection(ProjectConfigurationPlatforms) = postSolution
		{60A352F7-9C7B-4D6A-F072-D85EFACC2DDA}.Debug|Any CPU.ActiveCfg = Debug|Any CPU
		{60A352F7-9C7B-4D6A-F072-D85EFACC2DDA}.Debug|Any CPU.Build.0 = Debug|Any CPU
		{60A352F7-9C7B-4D6A-F072-D85EFACC2DDA}.Release|Any CPU.ActiveCfg = Release|Any CPU
		{60A352F7-9C7B-4D6A-F072-D85EFACC2DDA}.Release|Any CPU.Build.0 = Release|Any CPU
		{887E1A06-56DF-E933-0738-1DCD1672A37B}.Debug|Any CPU.ActiveCfg = Debug|Any CPU
		{887E1A06-56DF-E933-0738-1DCD1672A37B}.Debug|Any CPU.Build.0 = Debug|Any CPU
		{887E1A06-56DF-E933-0738-1DCD1672A37B}.Release|Any CPU.ActiveCfg = Release|Any CPU
		{887E1A06-56DF-E933-0738-1DCD1672A37B}.Release|Any CPU.Build.0 = Release|Any CPU
	EndGlobalSection
	GlobalSection(SolutionProperties) = preSolution
		HideSolutionNode = FALSE
	EndGlobalSection
EndGlobal
