Microsoft Visual Studio Solution File, Format Version 11.00
# Visual Studio 2008

Project("{0DEDB9F1-B420-EE72-4B6F-952BA7122B2B}") = "ARTDefense", "Assembly-CSharp.csproj", "{7924019B-35FD-2EEE-DC7A-A5A11EB7D29D}"
EndProject
Project("{0DEDB9F1-B420-EE72-4B6F-952BA7122B2B}") = "ARTDefense", "Assembly-CSharp-Editor.csproj", "{8A5379C4-E868-EF64-4EEF-DED35893F228}"
EndProject
Global
	GlobalSection(SolutionConfigurationPlatforms) = preSolution
		Debug|Any CPU = Debug|Any CPU
		Release|Any CPU = Release|Any CPU
	EndGlobalSection
	GlobalSection(ProjectConfigurationPlatforms) = postSolution
		{7924019B-35FD-2EEE-DC7A-A5A11EB7D29D}.Debug|Any CPU.ActiveCfg = Debug|Any CPU
		{7924019B-35FD-2EEE-DC7A-A5A11EB7D29D}.Debug|Any CPU.Build.0 = Debug|Any CPU
		{7924019B-35FD-2EEE-DC7A-A5A11EB7D29D}.Release|Any CPU.ActiveCfg = Release|Any CPU
		{7924019B-35FD-2EEE-DC7A-A5A11EB7D29D}.Release|Any CPU.Build.0 = Release|Any CPU
		{8A5379C4-E868-EF64-4EEF-DED35893F228}.Debug|Any CPU.ActiveCfg = Debug|Any CPU
		{8A5379C4-E868-EF64-4EEF-DED35893F228}.Debug|Any CPU.Build.0 = Debug|Any CPU
		{8A5379C4-E868-EF64-4EEF-DED35893F228}.Release|Any CPU.ActiveCfg = Release|Any CPU
		{8A5379C4-E868-EF64-4EEF-DED35893F228}.Release|Any CPU.Build.0 = Release|Any CPU
	EndGlobalSection
	GlobalSection(SolutionProperties) = preSolution
		HideSolutionNode = FALSE
	EndGlobalSection
	GlobalSection(MonoDevelopProperties) = preSolution
		StartupItem = Assembly-CSharp.csproj
	EndGlobalSection
EndGlobal
